
Microsoft Visual Studio Solution File, Format Version 12.00
# Visual Studio Version 16
VisualStudioVersion = 16.0.28922.388
MinimumVisualStudioVersion = 10.0.40219.1
Project("{FAE04EC0-301F-11D3-BF4B-00C04F79EFBC}") = "Console Game", "Console Game.csproj", "{2782964D-EBED-43B1-A174-BC94F91481BC}"
EndProject
Global
	GlobalSection(SolutionConfigurationPlatforms) = preSolution
		Debug|Any CPU = Debug|Any CPU
		Release|Any CPU = Release|Any CPU
	EndGlobalSection
	GlobalSection(ProjectConfigurationPlatforms) = postSolution
		{2782964D-EBED-43B1-A174-BC94F91481BC}.Debug|Any CPU.ActiveCfg = Debug|Any CPU
		{2782964D-EBED-43B1-A174-BC94F91481BC}.Debug|Any CPU.Build.0 = Debug|Any CPU
		{2782964D-EBED-43B1-A174-BC94F91481BC}.Release|Any CPU.ActiveCfg = Release|Any CPU
		{2782964D-EBED-43B1-A174-BC94F91481BC}.Release|Any CPU.Build.0 = Release|Any CPU
	EndGlobalSection
	GlobalSection(SolutionProperties) = preSolution
		HideSolutionNode = FALSE
	EndGlobalSection
	GlobalSection(ExtensibilityGlobals) = postSolution
		SolutionGuid = {1AD70AEE-B321-410E-8FE5-63070EE227BA}
	EndGlobalSection
EndGlobal
